
Microsoft Visual Studio Solution File, Format Version 12.00
# Visual Studio Version 17
VisualStudioVersion = 17.7.34024.191
MinimumVisualStudioVersion = 10.0.40219.1
Project("{FAE04EC0-301F-11D3-BF4B-00C04F79EFBC}") = "Geometri", "Geometri.csproj", "{94CE522D-BAD4-44C7-B015-2515D32FF3E7}"
EndProject
Global
	GlobalSection(SolutionConfigurationPlatforms) = preSolution
		Debug|Any CPU = Debug|Any CPU
		Release|Any CPU = Release|Any CPU
	EndGlobalSection
	GlobalSection(ProjectConfigurationPlatforms) = postSolution
		{94CE522D-BAD4-44C7-B015-2515D32FF3E7}.Debug|Any CPU.ActiveCfg = Debug|Any CPU
		{94CE522D-BAD4-44C7-B015-2515D32FF3E7}.Debug|Any CPU.Build.0 = Debug|Any CPU
		{94CE522D-BAD4-44C7-B015-2515D32FF3E7}.Release|Any CPU.ActiveCfg = Release|Any CPU
		{94CE522D-BAD4-44C7-B015-2515D32FF3E7}.Release|Any CPU.Build.0 = Release|Any CPU
	EndGlobalSection
	GlobalSection(SolutionProperties) = preSolution
		HideSolutionNode = FALSE
	EndGlobalSection
	GlobalSection(ExtensibilityGlobals) = postSolution
		SolutionGuid = {73868276-6E98-41EC-93FF-D96B128110E7}
	EndGlobalSection
EndGlobal
